
Microsoft Visual Studio Solution File, Format Version 12.00
# Visual Studio 15
VisualStudioVersion = 15.0.26730.16
MinimumVisualStudioVersion = 10.0.40219.1
Project("{E53339B2-1760-4266-BCC7-CA923CBCF16C}") = "docker-compose", "docker-compose.dcproj", "{B86A3B6B-F3B3-4608-9BAD-BE17C397D18F}"
EndProject
Project("{9A19103F-16F7-4668-BE54-9A1E7A4F7556}") = "InfoTrack.Microservice.Sample.Api", "InfoTrack.Microservice.Sample.Api\InfoTrack.Microservice.Sample.Api.csproj", "{FBFBFB13-D932-44C3-A457-E39757BAC183}"
EndProject
Global
	GlobalSection(SolutionConfigurationPlatforms) = preSolution
		Debug|Any CPU = Debug|Any CPU
		Release|Any CPU = Release|Any CPU
	EndGlobalSection
	GlobalSection(ProjectConfigurationPlatforms) = postSolution
		{B86A3B6B-F3B3-4608-9BAD-BE17C397D18F}.Debug|Any CPU.ActiveCfg = Debug|Any CPU
		{B86A3B6B-F3B3-4608-9BAD-BE17C397D18F}.Debug|Any CPU.Build.0 = Debug|Any CPU
		{B86A3B6B-F3B3-4608-9BAD-BE17C397D18F}.Release|Any CPU.ActiveCfg = Release|Any CPU
		{B86A3B6B-F3B3-4608-9BAD-BE17C397D18F}.Release|Any CPU.Build.0 = Release|Any CPU
		{FBFBFB13-D932-44C3-A457-E39757BAC183}.Debug|Any CPU.ActiveCfg = Debug|Any CPU
		{FBFBFB13-D932-44C3-A457-E39757BAC183}.Debug|Any CPU.Build.0 = Debug|Any CPU
		{FBFBFB13-D932-44C3-A457-E39757BAC183}.Release|Any CPU.ActiveCfg = Release|Any CPU
		{FBFBFB13-D932-44C3-A457-E39757BAC183}.Release|Any CPU.Build.0 = Release|Any CPU
	EndGlobalSection
	GlobalSection(SolutionProperties) = preSolution
		HideSolutionNode = FALSE
	EndGlobalSection
	GlobalSection(ExtensibilityGlobals) = postSolution
		SolutionGuid = {FF71BBB7-36AF-4E94-A8D5-C7567097495A}
	EndGlobalSection
EndGlobal
